PODS:
  - boost (1.76.0)
  - BugsnagReactNative (7.20.2):
    - React-Core
  - BVLinearGradient (2.7.3):
    - React-Core
  - CocoaAsyncSocket (7.6.5)
  - DoubleConversion (1.1.6)
  - FBLazyVector (0.72.0)
  - FBReactNativeSpec (0.72.0):
    - RCT-Folly (= 2021.07.22.00)
    - RCTRequired (= 0.72.0)
    - RCTTypeSafety (= 0.72.0)
    - React-Core (= 0.72.0)
    - React-jsi (= 0.72.0)
    - ReactCommon/turbomodule/core (= 0.72.0)
  - fmt (6.2.1)
  - glog (0.3.5)
  - hermes-engine (0.72.0):
    - hermes-engine/Pre-built (= 0.72.0)
  - hermes-engine/Pre-built (0.72.0)
  - libevent (2.1.12)
  - lottie-ios (3.4.4)
  - lottie-react-native (5.1.6):
    - lottie-ios (~> 3.4.0)
    - React-Core
  - PasscodeAuth (1.0.0):
    - React
  - RCT-Folly (2021.07.22.00):
    - boost
    - DoubleConversion
    - fmt (~> 6.2.1)
    - glog
    - RCT-Folly/Default (= 2021.07.22.00)
  - RCT-Folly/Default (2021.07.22.00):
    - boost
    - DoubleConversion
    - fmt (~> 6.2.1)
    - glog
  - RCT-Folly/Futures (2021.07.22.00):
    - boost
    - DoubleConversion
    - fmt (~> 6.2.1)
    - glog
    - libevent
  - RCTRequired (0.72.0)
  - RCTTypeSafety (0.72.0):
    - FBLazyVector (= 0.72.0)
    - RCTRequired (= 0.72.0)
    - React-Core (= 0.72.0)
  - React (0.72.0):
    - React-Core (= 0.72.0)
    - React-Core/DevSupport (= 0.72.0)
    - React-Core/RCTWebSocket (= 0.72.0)
    - React-RCTActionSheet (= 0.72.0)
    - React-RCTAnimation (= 0.72.0)
    - React-RCTBlob (= 0.72.0)
    - React-RCTImage (= 0.72.0)
    - React-RCTLinking (= 0.72.0)
    - React-RCTNetwork (= 0.72.0)
    - React-RCTSettings (= 0.72.0)
    - React-RCTText (= 0.72.0)
    - React-RCTVibration (= 0.72.0)
  - React-callinvoker (0.72.0)
  - React-Codegen (0.72.0):
    - DoubleConversion
    - FBReactNativeSpec
    - glog
    - hermes-engine
    - RCT-Folly
    - RCTRequired
    - RCTTypeSafety
    - React-Core
    - React-jsi
    - React-jsiexecutor
    - React-NativeModulesApple
    - React-rncore
    - ReactCommon/turbomodule/bridging
    - ReactCommon/turbomodule/core
  - React-Core (0.72.0):
    - glog
    - hermes-engine
    - RCT-Folly (= 2021.07.22.00)
    - React-Core/Default (= 0.72.0)
    - React-cxxreact
    - React-hermes
    - React-jsi
    - React-jsiexecutor
    - React-perflogger
    - React-runtimeexecutor
    - React-utils
    - SocketRocket (= 0.6.0)
    - Yoga
  - React-Core/CoreModulesHeaders (0.72.0):
    - glog
    - hermes-engine
    - RCT-Folly (= 2021.07.22.00)
    - React-Core/Default
    - React-cxxreact
    - React-hermes
    - React-jsi
    - React-jsiexecutor
    - React-perflogger
    - React-runtimeexecutor
    - React-utils
    - SocketRocket (= 0.6.0)
    - Yoga
  - React-Core/Default (0.72.0):
    - glog
    - hermes-engine
    - RCT-Folly (= 2021.07.22.00)
    - React-cxxreact
    - React-hermes
    - React-jsi
    - React-jsiexecutor
    - React-perflogger
    - React-runtimeexecutor
    - React-utils
    - SocketRocket (= 0.6.0)
    - Yoga
  - React-Core/DevSupport (0.72.0):
    - glog
    - hermes-engine
    - RCT-Folly (= 2021.07.22.00)
    - React-Core/Default (= 0.72.0)
    - React-Core/RCTWebSocket (= 0.72.0)
    - React-cxxreact
    - React-hermes
    - React-jsi
    - React-jsiexecutor
    - React-jsinspector (= 0.72.0)
    - React-perflogger
    - React-runtimeexecutor
    - React-utils
    - SocketRocket (= 0.6.0)
    - Yoga
  - React-Core/RCTActionSheetHeaders (0.72.0):
    - glog
    - hermes-engine
    - RCT-Folly (= 2021.07.22.00)
    - React-Core/Default
    - React-cxxreact
    - React-hermes
    - React-jsi
    - React-jsiexecutor
    - React-perflogger
    - React-runtimeexecutor
    - React-utils
    - SocketRocket (= 0.6.0)
    - Yoga
  - React-Core/RCTAnimationHeaders (0.72.0):
    - glog
    - hermes-engine
    - RCT-Folly (= 2021.07.22.00)
    - React-Core/Default
    - React-cxxreact
    - React-hermes
    - React-jsi
    - React-jsiexecutor
    - React-perflogger
    - React-runtimeexecutor
    - React-utils
    - SocketRocket (= 0.6.0)
    - Yoga
  - React-Core/RCTBlobHeaders (0.72.0):
    - glog
    - hermes-engine
    - RCT-Folly (= 2021.07.22.00)
    - React-Core/Default
    - React-cxxreact
    - React-hermes
    - React-jsi
    - React-jsiexecutor
    - React-perflogger
    - React-runtimeexecutor
    - React-utils
    - SocketRocket (= 0.6.0)
    - Yoga
  - React-Core/RCTImageHeaders (0.72.0):
    - glog
    - hermes-engine
    - RCT-Folly (= 2021.07.22.00)
    - React-Core/Default
    - React-cxxreact
    - React-hermes
    - React-jsi
    - React-jsiexecutor
    - React-perflogger
    - React-runtimeexecutor
    - React-utils
    - SocketRocket (= 0.6.0)
    - Yoga
  - React-Core/RCTLinkingHeaders (0.72.0):
    - glog
    - hermes-engine
    - RCT-Folly (= 2021.07.22.00)
    - React-Core/Default
    - React-cxxreact
    - React-hermes
    - React-jsi
    - React-jsiexecutor
    - React-perflogger
    - React-runtimeexecutor
    - React-utils
    - SocketRocket (= 0.6.0)
    - Yoga
  - React-Core/RCTNetworkHeaders (0.72.0):
    - glog
    - hermes-engine
    - RCT-Folly (= 2021.07.22.00)
    - React-Core/Default
    - React-cxxreact
    - React-hermes
    - React-jsi
    - React-jsiexecutor
    - React-perflogger
    - React-runtimeexecutor
    - React-utils
    - SocketRocket (= 0.6.0)
    - Yoga
  - React-Core/RCTSettingsHeaders (0.72.0):
    - glog
    - hermes-engine
    - RCT-Folly (= 2021.07.22.00)
    - React-Core/Default
    - React-cxxreact
    - React-hermes
    - React-jsi
    - React-jsiexecutor
    - React-perflogger
    - React-runtimeexecutor
    - React-utils
    - SocketRocket (= 0.6.0)
    - Yoga
  - React-Core/RCTTextHeaders (0.72.0):
    - glog
    - hermes-engine
    - RCT-Folly (= 2021.07.22.00)
    - React-Core/Default
    - React-cxxreact
    - React-hermes
    - React-jsi
    - React-jsiexecutor
    - React-perflogger
    - React-runtimeexecutor
    - React-utils
    - SocketRocket (= 0.6.0)
    - Yoga
  - React-Core/RCTVibrationHeaders (0.72.0):
    - glog
    - hermes-engine
    - RCT-Folly (= 2021.07.22.00)
    - React-Core/Default
    - React-cxxreact
    - React-hermes
    - React-jsi
    - React-jsiexecutor
    - React-perflogger
    - React-runtimeexecutor
    - React-utils
    - SocketRocket (= 0.6.0)
    - Yoga
  - React-Core/RCTWebSocket (0.72.0):
    - glog
    - hermes-engine
    - RCT-Folly (= 2021.07.22.00)
    - React-Core/Default (= 0.72.0)
    - React-cxxreact
    - React-hermes
    - React-jsi
    - React-jsiexecutor
    - React-perflogger
    - React-runtimeexecutor
    - React-utils
    - SocketRocket (= 0.6.0)
    - Yoga
  - React-CoreModules (0.72.0):
    - RCT-Folly (= 2021.07.22.00)
    - RCTTypeSafety (= 0.72.0)
    - React-Codegen (= 0.72.0)
    - React-Core/CoreModulesHeaders (= 0.72.0)
    - React-jsi (= 0.72.0)
    - React-RCTBlob
    - React-RCTImage (= 0.72.0)
    - ReactCommon/turbomodule/core (= 0.72.0)
    - SocketRocket (= 0.6.0)
  - React-cxxreact (0.72.0):
    - boost (= 1.76.0)
    - DoubleConversion
    - glog
    - hermes-engine
    - RCT-Folly (= 2021.07.22.00)
    - React-callinvoker (= 0.72.0)
    - React-jsi (= 0.72.0)
    - React-jsinspector (= 0.72.0)
    - React-logger (= 0.72.0)
    - React-perflogger (= 0.72.0)
    - React-runtimeexecutor (= 0.72.0)
  - React-debug (0.72.0)
  - React-hermes (0.72.0):
    - DoubleConversion
    - glog
    - hermes-engine
    - RCT-Folly (= 2021.07.22.00)
    - RCT-Folly/Futures (= 2021.07.22.00)
    - React-cxxreact (= 0.72.0)
    - React-jsi
    - React-jsiexecutor (= 0.72.0)
    - React-jsinspector (= 0.72.0)
    - React-perflogger (= 0.72.0)
  - React-jsi (0.72.0):
    - boost (= 1.76.0)
    - DoubleConversion
    - glog
    - hermes-engine
    - RCT-Folly (= 2021.07.22.00)
  - React-jsiexecutor (0.72.0):
    - DoubleConversion
    - glog
    - hermes-engine
    - RCT-Folly (= 2021.07.22.00)
    - React-cxxreact (= 0.72.0)
    - React-jsi (= 0.72.0)
    - React-perflogger (= 0.72.0)
  - React-jsinspector (0.72.0)
  - React-logger (0.72.0):
    - glog
  - react-native-blue-crypto (1.0.0):
    - React
  - react-native-document-picker (8.2.0):
    - React-Core
  - react-native-fingerprint-scanner (6.0.0):
    - React
  - react-native-idle-timer (2.1.6):
    - React-Core
  - react-native-image-picker (4.8.5):
    - React-Core
  - react-native-ios-context-menu (1.15.3):
    - React-Core
  - react-native-qrcode-local-image (1.0.4):
    - React
  - react-native-randombytes (3.6.1):
    - React-Core
  - react-native-safe-area-context (3.4.1):
    - React-Core
  - react-native-secure-key-store (2.0.10):
    - React-Core
  - react-native-tcp-socket (5.6.2):
    - CocoaAsyncSocket
    - React-Core
  - react-native-tor (0.1.8):
    - React
  - react-native-webview (12.4.0):
    - React-Core
  - react-native-widget-center (0.0.9):
    - React
  - React-NativeModulesApple (0.72.0):
    - hermes-engine
    - React-callinvoker
    - React-Core
    - React-cxxreact
    - React-jsi
    - React-runtimeexecutor
    - ReactCommon/turbomodule/bridging
    - ReactCommon/turbomodule/core
  - React-perflogger (0.72.0)
  - React-RCTActionSheet (0.72.0):
    - React-Core/RCTActionSheetHeaders (= 0.72.0)
  - React-RCTAnimation (0.72.0):
    - RCT-Folly (= 2021.07.22.00)
    - RCTTypeSafety (= 0.72.0)
    - React-Codegen (= 0.72.0)
    - React-Core/RCTAnimationHeaders (= 0.72.0)
    - React-jsi (= 0.72.0)
    - ReactCommon/turbomodule/core (= 0.72.0)
  - React-RCTAppDelegate (0.72.0):
    - RCT-Folly
    - RCTRequired
    - RCTTypeSafety
    - React-Core
    - React-CoreModules
    - React-hermes
    - React-NativeModulesApple
    - React-RCTImage
    - React-RCTNetwork
    - React-runtimescheduler
    - ReactCommon/turbomodule/core
  - React-RCTBlob (0.72.0):
    - hermes-engine
    - RCT-Folly (= 2021.07.22.00)
    - React-Codegen (= 0.72.0)
    - React-Core/RCTBlobHeaders (= 0.72.0)
    - React-Core/RCTWebSocket (= 0.72.0)
    - React-jsi (= 0.72.0)
    - React-RCTNetwork (= 0.72.0)
    - ReactCommon/turbomodule/core (= 0.72.0)
  - React-RCTImage (0.72.0):
    - RCT-Folly (= 2021.07.22.00)
    - RCTTypeSafety (= 0.72.0)
    - React-Codegen (= 0.72.0)
    - React-Core/RCTImageHeaders (= 0.72.0)
    - React-jsi (= 0.72.0)
    - React-RCTNetwork (= 0.72.0)
    - ReactCommon/turbomodule/core (= 0.72.0)
  - React-RCTLinking (0.72.0):
    - React-Codegen (= 0.72.0)
    - React-Core/RCTLinkingHeaders (= 0.72.0)
    - React-jsi (= 0.72.0)
    - ReactCommon/turbomodule/core (= 0.72.0)
  - React-RCTNetwork (0.72.0):
    - RCT-Folly (= 2021.07.22.00)
    - RCTTypeSafety (= 0.72.0)
    - React-Codegen (= 0.72.0)
    - React-Core/RCTNetworkHeaders (= 0.72.0)
    - React-jsi (= 0.72.0)
    - ReactCommon/turbomodule/core (= 0.72.0)
  - React-RCTSettings (0.72.0):
    - RCT-Folly (= 2021.07.22.00)
    - RCTTypeSafety (= 0.72.0)
    - React-Codegen (= 0.72.0)
    - React-Core/RCTSettingsHeaders (= 0.72.0)
    - React-jsi (= 0.72.0)
    - ReactCommon/turbomodule/core (= 0.72.0)
  - React-RCTText (0.72.0):
    - React-Core/RCTTextHeaders (= 0.72.0)
  - React-RCTVibration (0.72.0):
    - RCT-Folly (= 2021.07.22.00)
    - React-Codegen (= 0.72.0)
    - React-Core/RCTVibrationHeaders (= 0.72.0)
    - React-jsi (= 0.72.0)
    - ReactCommon/turbomodule/core (= 0.72.0)
  - React-rncore (0.72.0)
  - React-runtimeexecutor (0.72.0):
    - React-jsi (= 0.72.0)
  - React-runtimescheduler (0.72.0):
    - glog
    - hermes-engine
    - RCT-Folly (= 2021.07.22.00)
    - React-callinvoker
    - React-debug
    - React-jsi
    - React-runtimeexecutor
  - React-utils (0.72.0):
    - glog
    - RCT-Folly (= 2021.07.22.00)
    - React-debug
  - ReactCommon/turbomodule/bridging (0.72.0):
    - DoubleConversion
    - glog
    - hermes-engine
    - RCT-Folly (= 2021.07.22.00)
    - React-callinvoker (= 0.72.0)
    - React-cxxreact (= 0.72.0)
    - React-jsi (= 0.72.0)
    - React-logger (= 0.72.0)
    - React-perflogger (= 0.72.0)
  - ReactCommon/turbomodule/core (0.72.0):
    - DoubleConversion
    - glog
    - hermes-engine
    - RCT-Folly (= 2021.07.22.00)
    - React-callinvoker (= 0.72.0)
    - React-cxxreact (= 0.72.0)
    - React-jsi (= 0.72.0)
    - React-logger (= 0.72.0)
    - React-perflogger (= 0.72.0)
  - ReactNativeCameraKit (13.0.0):
    - React-Core
  - RealmJS (11.10.1):
    - React
  - rn-ldk (0.8.4):
    - React-Core
  - RNCAsyncStorage (1.18.2):
    - React-Core
  - RNCClipboard (1.11.2):
    - React-Core
  - RNCPushNotificationIOS (1.11.0):
    - React-Core
  - RNDefaultPreference (1.4.4):
    - React-Core
  - RNDeviceInfo (8.7.1):
    - React-Core
  - RNFS (2.20.0):
    - React-Core
  - RNGestureHandler (2.9.0):
    - React-Core
  - RNHandoff (0.0.3):
    - React
  - RNKeychain (8.1.1):
    - React-Core
  - RNLocalize (2.2.6):
    - React-Core
  - RNPrivacySnapshot (1.0.0):
    - React
  - RNQuickAction (0.3.13):
    - React
  - RNRate (1.2.12):
    - React-Core
  - RNReactNativeHapticFeedback (2.0.3):
    - React-Core
  - RNReanimated (3.2.0):
    - DoubleConversion
    - FBLazyVector
    - glog
    - RCT-Folly
    - RCTRequired
    - RCTTypeSafety
    - React-callinvoker
    - React-Core
    - React-Core/DevSupport
    - React-Core/RCTWebSocket
    - React-CoreModules
    - React-cxxreact
    - React-jsi
    - React-jsiexecutor
    - React-jsinspector
    - React-RCTActionSheet
    - React-RCTAnimation
    - React-RCTBlob
    - React-RCTImage
    - React-RCTLinking
    - React-RCTNetwork
    - React-RCTSettings
    - React-RCTText
    - ReactCommon/turbomodule/core
    - Yoga
  - RNScreens (3.20.0):
    - React-Core
    - React-RCTImage
  - RNShare (8.2.2):
    - React-Core
  - RNSVG (13.9.0):
    - React-Core
  - RNVectorIcons (9.2.0):
    - React-Core
  - RNWatch (1.1.0):
    - React
  - SocketRocket (0.6.0)
  - Yoga (1.14.0)

DEPENDENCIES:
  - boost (from `../node_modules/react-native/third-party-podspecs/boost.podspec`)
  - Bugsnag
  - "BugsnagReactNative (from `../node_modules/@bugsnag/react-native`)"
  - BVLinearGradient (from `../node_modules/react-native-linear-gradient`)
  - DoubleConversion (from `../node_modules/react-native/third-party-podspecs/DoubleConversion.podspec`)
  - FBLazyVector (from `../node_modules/react-native/Libraries/FBLazyVector`)
  - FBReactNativeSpec (from `../node_modules/react-native/React/FBReactNativeSpec`)
  - glog (from `../node_modules/react-native/third-party-podspecs/glog.podspec`)
  - hermes-engine (from `../node_modules/react-native/sdks/hermes-engine/hermes-engine.podspec`)
  - libevent (~> 2.1.12)
  - lottie-ios (from `../node_modules/lottie-ios`)
  - lottie-react-native (from `../node_modules/lottie-react-native`)
  - PasscodeAuth (from `../node_modules/react-native-passcode-auth`)
  - RCT-Folly (from `../node_modules/react-native/third-party-podspecs/RCT-Folly.podspec`)
  - RCTRequired (from `../node_modules/react-native/Libraries/RCTRequired`)
  - RCTTypeSafety (from `../node_modules/react-native/Libraries/TypeSafety`)
  - React (from `../node_modules/react-native/`)
  - React-callinvoker (from `../node_modules/react-native/ReactCommon/callinvoker`)
  - React-Codegen (from `build/generated/ios`)
  - React-Core (from `../node_modules/react-native/`)
  - React-Core/RCTWebSocket (from `../node_modules/react-native/`)
  - React-CoreModules (from `../node_modules/react-native/React/CoreModules`)
  - React-cxxreact (from `../node_modules/react-native/ReactCommon/cxxreact`)
  - React-debug (from `../node_modules/react-native/ReactCommon/react/debug`)
  - React-hermes (from `../node_modules/react-native/ReactCommon/hermes`)
  - React-jsi (from `../node_modules/react-native/ReactCommon/jsi`)
  - React-jsiexecutor (from `../node_modules/react-native/ReactCommon/jsiexecutor`)
  - React-jsinspector (from `../node_modules/react-native/ReactCommon/jsinspector`)
  - React-logger (from `../node_modules/react-native/ReactCommon/logger`)
  - react-native-blue-crypto (from `../node_modules/react-native-blue-crypto`)
  - react-native-document-picker (from `../node_modules/react-native-document-picker`)
  - react-native-fingerprint-scanner (from `../node_modules/react-native-fingerprint-scanner`)
  - react-native-idle-timer (from `../node_modules/react-native-idle-timer`)
  - react-native-image-picker (from `../node_modules/react-native-image-picker`)
  - react-native-ios-context-menu (from `../node_modules/react-native-ios-context-menu`)
  - "react-native-qrcode-local-image (from `../node_modules/@remobile/react-native-qrcode-local-image`)"
  - react-native-randombytes (from `../node_modules/react-native-randombytes`)
  - react-native-safe-area-context (from `../node_modules/react-native-safe-area-context`)
  - react-native-secure-key-store (from `../node_modules/react-native-secure-key-store`)
  - react-native-tcp-socket (from `../node_modules/react-native-tcp-socket`)
  - react-native-tor (from `../node_modules/react-native-tor`)
  - react-native-webview (from `../node_modules/react-native-webview`)
  - react-native-widget-center (from `../node_modules/react-native-widget-center`)
  - React-NativeModulesApple (from `../node_modules/react-native/ReactCommon/react/nativemodule/core/platform/ios`)
  - React-perflogger (from `../node_modules/react-native/ReactCommon/reactperflogger`)
  - React-RCTActionSheet (from `../node_modules/react-native/Libraries/ActionSheetIOS`)
  - React-RCTAnimation (from `../node_modules/react-native/Libraries/NativeAnimation`)
  - React-RCTAppDelegate (from `../node_modules/react-native/Libraries/AppDelegate`)
  - React-RCTBlob (from `../node_modules/react-native/Libraries/Blob`)
  - React-RCTImage (from `../node_modules/react-native/Libraries/Image`)
  - React-RCTLinking (from `../node_modules/react-native/Libraries/LinkingIOS`)
  - React-RCTNetwork (from `../node_modules/react-native/Libraries/Network`)
  - React-RCTSettings (from `../node_modules/react-native/Libraries/Settings`)
  - React-RCTText (from `../node_modules/react-native/Libraries/Text`)
  - React-RCTVibration (from `../node_modules/react-native/Libraries/Vibration`)
  - React-rncore (from `../node_modules/react-native/ReactCommon`)
  - React-runtimeexecutor (from `../node_modules/react-native/ReactCommon/runtimeexecutor`)
  - React-runtimescheduler (from `../node_modules/react-native/ReactCommon/react/renderer/runtimescheduler`)
  - React-utils (from `../node_modules/react-native/ReactCommon/react/utils`)
  - ReactCommon/turbomodule/core (from `../node_modules/react-native/ReactCommon`)
  - ReactNativeCameraKit (from `../node_modules/react-native-camera-kit`)
  - RealmJS (from `../node_modules/realm`)
  - rn-ldk (from `../node_modules/rn-ldk`)
  - "RNCAsyncStorage (from `../node_modules/@react-native-async-storage/async-storage`)"
  - "RNCClipboard (from `../node_modules/@react-native-clipboard/clipboard`)"
  - "RNCPushNotificationIOS (from `../node_modules/@react-native-community/push-notification-ios`)"
  - RNDefaultPreference (from `../node_modules/react-native-default-preference`)
  - RNDeviceInfo (from `../node_modules/react-native-device-info`)
  - RNFS (from `../node_modules/react-native-fs`)
  - RNGestureHandler (from `../node_modules/react-native-gesture-handler`)
  - RNHandoff (from `../node_modules/react-native-handoff`)
  - RNKeychain (from `../node_modules/react-native-keychain`)
  - RNLocalize (from `../node_modules/react-native-localize`)
  - RNPrivacySnapshot (from `../node_modules/react-native-privacy-snapshot`)
  - RNQuickAction (from `../node_modules/react-native-quick-actions`)
  - RNRate (from `../node_modules/react-native-rate`)
  - RNReactNativeHapticFeedback (from `../node_modules/react-native-haptic-feedback`)
  - RNReanimated (from `../node_modules/react-native-reanimated`)
  - RNScreens (from `../node_modules/react-native-screens`)
  - RNShare (from `../node_modules/react-native-share`)
  - RNSVG (from `../node_modules/react-native-svg`)
  - RNVectorIcons (from `../node_modules/react-native-vector-icons`)
  - RNWatch (from `../node_modules/react-native-watch-connectivity`)
  - Yoga (from `../node_modules/react-native/ReactCommon/yoga`)

SPEC REPOS:
  trunk:
    - CocoaAsyncSocket
    - fmt
    - libevent
    - SocketRocket

EXTERNAL SOURCES:
  boost:
    :podspec: "../node_modules/react-native/third-party-podspecs/boost.podspec"
  BugsnagReactNative:
    :path: "../node_modules/@bugsnag/react-native"
  BVLinearGradient:
    :path: "../node_modules/react-native-linear-gradient"
  DoubleConversion:
    :podspec: "../node_modules/react-native/third-party-podspecs/DoubleConversion.podspec"
  FBLazyVector:
    :path: "../node_modules/react-native/Libraries/FBLazyVector"
  FBReactNativeSpec:
    :path: "../node_modules/react-native/React/FBReactNativeSpec"
  glog:
    :podspec: "../node_modules/react-native/third-party-podspecs/glog.podspec"
  hermes-engine:
    :podspec: "../node_modules/react-native/sdks/hermes-engine/hermes-engine.podspec"
    :tag: hermes-2023-03-20-RNv0.72.0-49794cfc7c81fb8f69fd60c3bbf85a7480cc5a77
  lottie-ios:
    :path: "../node_modules/lottie-ios"
  lottie-react-native:
    :path: "../node_modules/lottie-react-native"
  PasscodeAuth:
    :path: "../node_modules/react-native-passcode-auth"
  RCT-Folly:
    :podspec: "../node_modules/react-native/third-party-podspecs/RCT-Folly.podspec"
  RCTRequired:
    :path: "../node_modules/react-native/Libraries/RCTRequired"
  RCTTypeSafety:
    :path: "../node_modules/react-native/Libraries/TypeSafety"
  React:
    :path: "../node_modules/react-native/"
  React-callinvoker:
    :path: "../node_modules/react-native/ReactCommon/callinvoker"
  React-Codegen:
    :path: build/generated/ios
  React-Core:
    :path: "../node_modules/react-native/"
  React-CoreModules:
    :path: "../node_modules/react-native/React/CoreModules"
  React-cxxreact:
    :path: "../node_modules/react-native/ReactCommon/cxxreact"
  React-debug:
    :path: "../node_modules/react-native/ReactCommon/react/debug"
  React-hermes:
    :path: "../node_modules/react-native/ReactCommon/hermes"
  React-jsi:
    :path: "../node_modules/react-native/ReactCommon/jsi"
  React-jsiexecutor:
    :path: "../node_modules/react-native/ReactCommon/jsiexecutor"
  React-jsinspector:
    :path: "../node_modules/react-native/ReactCommon/jsinspector"
  React-logger:
    :path: "../node_modules/react-native/ReactCommon/logger"
  react-native-blue-crypto:
    :path: "../node_modules/react-native-blue-crypto"
  react-native-document-picker:
    :path: "../node_modules/react-native-document-picker"
  react-native-fingerprint-scanner:
    :path: "../node_modules/react-native-fingerprint-scanner"
  react-native-idle-timer:
    :path: "../node_modules/react-native-idle-timer"
  react-native-image-picker:
    :path: "../node_modules/react-native-image-picker"
  react-native-ios-context-menu:
    :path: "../node_modules/react-native-ios-context-menu"
  react-native-qrcode-local-image:
    :path: "../node_modules/@remobile/react-native-qrcode-local-image"
  react-native-randombytes:
    :path: "../node_modules/react-native-randombytes"
  react-native-safe-area-context:
    :path: "../node_modules/react-native-safe-area-context"
  react-native-secure-key-store:
    :path: "../node_modules/react-native-secure-key-store"
  react-native-tcp-socket:
    :path: "../node_modules/react-native-tcp-socket"
  react-native-tor:
    :path: "../node_modules/react-native-tor"
  react-native-webview:
    :path: "../node_modules/react-native-webview"
  react-native-widget-center:
    :path: "../node_modules/react-native-widget-center"
  React-NativeModulesApple:
    :path: "../node_modules/react-native/ReactCommon/react/nativemodule/core/platform/ios"
  React-perflogger:
    :path: "../node_modules/react-native/ReactCommon/reactperflogger"
  React-RCTActionSheet:
    :path: "../node_modules/react-native/Libraries/ActionSheetIOS"
  React-RCTAnimation:
    :path: "../node_modules/react-native/Libraries/NativeAnimation"
  React-RCTAppDelegate:
    :path: "../node_modules/react-native/Libraries/AppDelegate"
  React-RCTBlob:
    :path: "../node_modules/react-native/Libraries/Blob"
  React-RCTImage:
    :path: "../node_modules/react-native/Libraries/Image"
  React-RCTLinking:
    :path: "../node_modules/react-native/Libraries/LinkingIOS"
  React-RCTNetwork:
    :path: "../node_modules/react-native/Libraries/Network"
  React-RCTSettings:
    :path: "../node_modules/react-native/Libraries/Settings"
  React-RCTText:
    :path: "../node_modules/react-native/Libraries/Text"
  React-RCTVibration:
    :path: "../node_modules/react-native/Libraries/Vibration"
  React-rncore:
    :path: "../node_modules/react-native/ReactCommon"
  React-runtimeexecutor:
    :path: "../node_modules/react-native/ReactCommon/runtimeexecutor"
  React-runtimescheduler:
    :path: "../node_modules/react-native/ReactCommon/react/renderer/runtimescheduler"
  React-utils:
    :path: "../node_modules/react-native/ReactCommon/react/utils"
  ReactCommon:
    :path: "../node_modules/react-native/ReactCommon"
  ReactNativeCameraKit:
    :path: "../node_modules/react-native-camera-kit"
  RealmJS:
    :path: "../node_modules/realm"
  rn-ldk:
    :path: "../node_modules/rn-ldk"
  RNCAsyncStorage:
    :path: "../node_modules/@react-native-async-storage/async-storage"
  RNCClipboard:
    :path: "../node_modules/@react-native-clipboard/clipboard"
  RNCPushNotificationIOS:
    :path: "../node_modules/@react-native-community/push-notification-ios"
  RNDefaultPreference:
    :path: "../node_modules/react-native-default-preference"
  RNDeviceInfo:
    :path: "../node_modules/react-native-device-info"
  RNFS:
    :path: "../node_modules/react-native-fs"
  RNGestureHandler:
    :path: "../node_modules/react-native-gesture-handler"
  RNHandoff:
    :path: "../node_modules/react-native-handoff"
  RNKeychain:
    :path: "../node_modules/react-native-keychain"
  RNLocalize:
    :path: "../node_modules/react-native-localize"
  RNPrivacySnapshot:
    :path: "../node_modules/react-native-privacy-snapshot"
  RNQuickAction:
    :path: "../node_modules/react-native-quick-actions"
  RNRate:
    :path: "../node_modules/react-native-rate"
  RNReactNativeHapticFeedback:
    :path: "../node_modules/react-native-haptic-feedback"
  RNReanimated:
    :path: "../node_modules/react-native-reanimated"
  RNScreens:
    :path: "../node_modules/react-native-screens"
  RNShare:
    :path: "../node_modules/react-native-share"
  RNSVG:
    :path: "../node_modules/react-native-svg"
  RNVectorIcons:
    :path: "../node_modules/react-native-vector-icons"
  RNWatch:
    :path: "../node_modules/react-native-watch-connectivity"
  Yoga:
    :path: "../node_modules/react-native/ReactCommon/yoga"

SPEC CHECKSUMS:
  boost: 57d2868c099736d80fcd648bf211b4431e51a558
  BugsnagReactNative: bf6f4ebababa8536726b3014c7d3e4af8c53d488
  BVLinearGradient: fbe308a1d19a8133f69e033abc85d8008644f5e3
  CocoaAsyncSocket: 065fd1e645c7abab64f7a6a2007a48038fdc6a99
  DoubleConversion: 5189b271737e1565bdce30deb4a08d647e3f5f54
  FBLazyVector: bb17efca94c43508cbe54fb0a35e36df30da5213
  FBReactNativeSpec: 6e7e74b1ed7f0a1a469a82a67521b33285f5fef3
  fmt: ff9d55029c625d3757ed641535fd4a75fedc7ce9
  glog: 04b94705f318337d7ead9e6d17c019bd9b1f6b1b
  hermes-engine: c85f703623cb12d7e1d9db91afe53b3ea8aa7219
  libevent: 4049cae6c81cdb3654a443be001fb9bdceff7913
  lottie-ios: 8f97d3271e155c2d688875c29cd3c74908aef5f8
  lottie-react-native: 8f9d4be452e23f6e5ca0fdc11669dc99ab52be81
  PasscodeAuth: 3e88093ff46c31a952d8b36c488240de980517be
  RCT-Folly: 424b8c9a7a0b9ab2886ffe9c3b041ef628fd4fb1
  RCTRequired: 656ef0536dd60a9740961ade6a64ba0cb0572d2b
  RCTTypeSafety: 82bd23b63f043d1a6b8e80e72fd15c08e04528a4
  React: 4f2c0b59d1a1c0ae02771deb69e5ee78999fee79
  React-callinvoker: d5aa9fa6cd6b67d6033de2cb5af6de7ae3dac6ca
  React-Codegen: 57ded8852b5614bcedee54cb8644b30b41bc6f12
  React-Core: 668dad9409152ff684f52bcb125133b8fec4c941
  React-CoreModules: b02ca7a4fb869bcbe4c0ed2c939d433f13a120c5
  React-cxxreact: 2882426515cd264fac5b8a5501d2b1e8ba127544
  React-debug: 77ab539975d81d27153e2998bc1214a2473cde01
  React-hermes: 118fc1a6278dd1a4fddd627185dd21ef150c6423
  React-jsi: deef1a7418729b2e7e1b99c87e1c6d9df23c2e18
  React-jsiexecutor: 990287d74aedc4fdd08ebd80736b1a5c71b54da2
  React-jsinspector: 8d754fc957255a29d93e52fc67a895045cdc8703
  React-logger: 454ffb01980778a43b0153ee98721d0275b56616
  react-native-blue-crypto: 23f1558ad3d38d7a2edb7e2f6ed1bc520ed93e56
  react-native-document-picker: 495c444c0c773c6e83a5d91165890ecb1c0a399a
  react-native-fingerprint-scanner: ac6656f18c8e45a7459302b84da41a44ad96dbbe
  react-native-idle-timer: f7f651542b39dce9b9473e4578cb64a255075f17
  react-native-image-picker: cd420f97f6ed6ff74fc4686d27dbcfdbd051db91
  react-native-ios-context-menu: e529171ba760a1af7f2ef0729f5a7f4d226171c5
  react-native-qrcode-local-image: 35ccb306e4265bc5545f813e54cc830b5d75bcfc
  react-native-randombytes: 421f1c7d48c0af8dbcd471b0324393ebf8fe7846
  react-native-safe-area-context: 9e40fb181dac02619414ba1294d6c2a807056ab9
  react-native-secure-key-store: 910e6df6bc33cb790aba6ee24bc7818df1fe5898
  react-native-tcp-socket: c1b7297619616b4c9caae6889bcb0aba78086989
  react-native-tor: 3b14e9160b2eb7fa3f310921b2dee71a5171e5b7
  react-native-webview: 65f1143983cfeaedf02fd25b2621d3f4a37075de
  react-native-widget-center: 12dfba20a4fa995850b52cf0afecf734397f4b9c
  React-NativeModulesApple: 038cd625999ff352fc13d11fd335ea7509794599
  React-perflogger: 684a11499a0589cc42135d6d5cc04d0e4e0e261a
  React-RCTActionSheet: 00b0a4c382a13b834124fa3f541a7d8d1d56efb9
  React-RCTAnimation: 10c24c66fb504f2faa53f4ec0666c4568255cff9
  React-RCTAppDelegate: ba51460896227d9fb530298746eb543d38face7a
  React-RCTBlob: 10814291c4e8ef09fd2ceca81825eae29ee5a4ec
  React-RCTImage: 2f609dd1c80c4aec8edf2ca235cba476fdd442ec
  React-RCTLinking: d7f20b7d51246bf34790ce1362d124cc1b42671b
  React-RCTNetwork: 6b0133de954b5eff5e6a6294eef5fca45df7e5e8
  React-RCTSettings: 9a1f3f5f3e104c0617d953acc54e60e4bfaf11bd
  React-RCTText: f5b4c03708c0283699c0dc23c7fb9f97ce7ac6bd
  React-RCTVibration: fb4135690f091ac9bcfbeb8dc4388208ca0e18b1
  React-rncore: 91a21f0b3c16a5e011bc54d1e204bd6c5bfdf8e2
  React-runtimeexecutor: 56b9f7665138fe8cda0d6c210cf95ee3f625c237
  React-runtimescheduler: 24614bcd31643eacb06c78c0b9101b453d6aac47
  React-utils: c12d2e75c8bbc727939ddc4319ed95493395ed5a
  ReactCommon: 517b45ed311ba9146aa8b55a8ef6617425f7448e
  ReactNativeCameraKit: 9d46a5d7dd544ca64aa9c03c150d2348faf437eb
  RealmJS: 8deebf00c84f499c654bc585583c54f55b586751
  rn-ldk: 0d8749d98cc5ce67302a32831818c116b67f7643
  RNCAsyncStorage: ddc4ee162bfd41b0d2c68bf2d95acd81dd7f1f93
  RNCClipboard: 3f0451a8100393908bea5c5c5b16f96d45f30bfc
  RNCPushNotificationIOS: 64218f3c776c03d7408284a819b2abfda1834bc8
  RNDefaultPreference: 08bdb06cfa9188d5da97d4642dac745218d7fb31
  RNDeviceInfo: aad3c663b25752a52bf8fce93f2354001dd185aa
  RNFS: 4ac0f0ea233904cb798630b3c077808c06931688
  RNGestureHandler: 071d7a9ad81e8b83fe7663b303d132406a7d8f39
  RNHandoff: d3b0754cca3a6bcd9b25f544f733f7f033ccf5fa
  RNKeychain: ff836453cba46938e0e9e4c22e43d43fa2c90333
  RNLocalize: d4b8af4e442d4bcca54e68fc687a2129b4d71a81
  RNPrivacySnapshot: 71919dde3c6a29dd332115409c2aec564afee8f4
  RNQuickAction: 6d404a869dc872cde841ad3147416a670d13fa93
  RNRate: ef3bcff84f39bb1d1e41c5593d3eea4aab2bd73a
  RNReactNativeHapticFeedback: afa5bf2794aecbb2dba2525329253da0d66656df
  RNReanimated: ede9ef73159ec1d4db04290f4ffc4a36c5fc1156
  RNScreens: 218801c16a2782546d30bd2026bb625c0302d70f
  RNShare: d82e10f6b7677f4b0048c23709bd04098d5aee6c
  RNSVG: 53c661b76829783cdaf9b7a57258f3d3b4c28315
  RNVectorIcons: fcc2f6cb32f5735b586e66d14103a74ce6ad61f8
  RNWatch: fd30ca40a5b5ef58dcbc195638e68219bc455236
  SocketRocket: fccef3f9c5cedea1353a9ef6ada904fde10d6608
  Yoga: 1d6727ed193122f6adaf435c3de1a768326ff83b

PODFILE CHECKSUM: 9dfb2ff75094cc2c0022ca9606e4ee7d9f43d1a3

COCOAPODS: 1.11.3
