PODS:
  - appcenter (2.3.0):
    - AppCenterReactNativeShared
    - React
  - appcenter-analytics (2.3.0):
    - AppCenter/Analytics
    - AppCenterReactNativeShared
    - React
  - appcenter-crashes (2.3.0):
    - AppCenter/Crashes (= 2.3.0)
    - AppCenterReactNativeShared
    - React
  - AppCenter/Analytics (2.3.0):
    - AppCenter/Core
  - AppCenter/Core (2.3.0)
  - AppCenter/Crashes (2.3.0):
    - AppCenter/Core
  - AppCenterReactNativeShared (2.3.0):
    - AppCenter/Core (= 2.3.0)
  - boost-for-react-native (1.63.0)
  - BVLinearGradient (2.5.4):
    - React
  - DoubleConversion (1.1.6)
  - EFQRCode (5.0.0):
    - swift_qrcodejs (~> 1.1.1)
  - Folly (2018.10.22.00):
    - boost-for-react-native
    - DoubleConversion
    - Folly/Default (= 2018.10.22.00)
    - glog
  - Folly/Default (2018.10.22.00):
    - boost-for-react-native
    - DoubleConversion
    - glog
  - glog (0.3.5)
  - lottie-ios (3.0.7)
  - lottie-react-native (3.1.1):
    - lottie-ios (~> 3.0.3)
    - React
  - RCTSystemSetting (1.7.2):
    - React
  - React (0.60.5):
    - React-Core (= 0.60.5)
    - React-DevSupport (= 0.60.5)
    - React-RCTActionSheet (= 0.60.5)
    - React-RCTAnimation (= 0.60.5)
    - React-RCTBlob (= 0.60.5)
    - React-RCTImage (= 0.60.5)
    - React-RCTLinking (= 0.60.5)
    - React-RCTNetwork (= 0.60.5)
    - React-RCTSettings (= 0.60.5)
    - React-RCTText (= 0.60.5)
    - React-RCTVibration (= 0.60.5)
    - React-RCTWebSocket (= 0.60.5)
  - React-Core (0.60.5):
    - Folly (= 2018.10.22.00)
    - React-cxxreact (= 0.60.5)
    - React-jsiexecutor (= 0.60.5)
    - yoga (= 0.60.5.React)
  - React-cxxreact (0.60.5):
    - boost-for-react-native (= 1.63.0)
    - DoubleConversion
    - Folly (= 2018.10.22.00)
    - glog
    - React-jsinspector (= 0.60.5)
  - React-DevSupport (0.60.5):
    - React-Core (= 0.60.5)
    - React-RCTWebSocket (= 0.60.5)
  - React-jsi (0.60.5):
    - boost-for-react-native (= 1.63.0)
    - DoubleConversion
    - Folly (= 2018.10.22.00)
    - glog
    - React-jsi/Default (= 0.60.5)
  - React-jsi/Default (0.60.5):
    - boost-for-react-native (= 1.63.0)
    - DoubleConversion
    - Folly (= 2018.10.22.00)
    - glog
  - React-jsiexecutor (0.60.5):
    - DoubleConversion
    - Folly (= 2018.10.22.00)
    - glog
    - React-cxxreact (= 0.60.5)
    - React-jsi (= 0.60.5)
  - React-jsinspector (0.60.5)
  - react-native-blur (0.8.0):
    - React
  - react-native-camera (3.4.0):
    - React
    - react-native-camera/RCT (= 3.4.0)
    - react-native-camera/RN (= 3.4.0)
  - react-native-camera/RCT (3.4.0):
    - React
  - react-native-camera/RN (3.4.0):
    - React
  - react-native-haptic-feedback (1.7.1):
    - React
  - react-native-image-picker (1.1.0):
    - React
  - react-native-randombytes (3.5.3):
    - React
  - react-native-slider (2.0.0-rc.1):
    - React
  - react-native-webview (6.9.0):
    - React
  - React-RCTActionSheet (0.60.5):
    - React-Core (= 0.60.5)
  - React-RCTAnimation (0.60.5):
    - React-Core (= 0.60.5)
  - React-RCTBlob (0.60.5):
    - React-Core (= 0.60.5)
    - React-RCTNetwork (= 0.60.5)
    - React-RCTWebSocket (= 0.60.5)
  - React-RCTImage (0.60.5):
    - React-Core (= 0.60.5)
    - React-RCTNetwork (= 0.60.5)
  - React-RCTLinking (0.60.5):
    - React-Core (= 0.60.5)
  - React-RCTNetwork (0.60.5):
    - React-Core (= 0.60.5)
  - React-RCTSettings (0.60.5):
    - React-Core (= 0.60.5)
  - React-RCTText (0.60.5):
    - React-Core (= 0.60.5)
  - React-RCTVibration (0.60.5):
    - React-Core (= 0.60.5)
  - React-RCTWebSocket (0.60.5):
    - React-Core (= 0.60.5)
  - RNCAsyncStorage (1.5.1):
    - React
  - RNDeviceInfo (2.2.2):
    - React
  - RNFS (2.13.3):
    - React
  - RNGestureHandler (1.3.0):
    - React
  - RNHandoff (0.0.3):
    - React
  - RNRate (1.0.1):
    - React
  - RNSecureKeyStore (1.0.0):
    - React
  - RNShare (2.0.0):
    - React
  - RNSVG (9.5.1):
    - React
  - RNVectorIcons (6.6.0):
    - React
  - RNWatch (0.2.1):
    - React
  - Sentry (4.1.3):
    - Sentry/Core (= 4.1.3)
  - Sentry/Core (4.1.3)
  - SentryReactNative (0.43.2):
    - React
    - Sentry (~> 4.1.3)
  - swift_qrcodejs (1.1.2)
  - ToolTipMenu (5.2.1):
    - React
  - yoga (0.60.5.React)

DEPENDENCIES:
  - appcenter (from `../node_modules/appcenter`)
  - appcenter-analytics (from `../node_modules/appcenter-analytics`)
  - appcenter-crashes (from `../node_modules/appcenter-crashes`)
  - BVLinearGradient (from `../node_modules/react-native-linear-gradient`)
  - DoubleConversion (from `../node_modules/react-native/third-party-podspecs/DoubleConversion.podspec`)
  - EFQRCode (= 5.0.0)
  - Folly (from `../node_modules/react-native/third-party-podspecs/Folly.podspec`)
  - glog (from `../node_modules/react-native/third-party-podspecs/glog.podspec`)
  - lottie-react-native (from `../node_modules/lottie-react-native`)
  - RCTSystemSetting (from `../node_modules/react-native-system-setting`)
  - React (from `../node_modules/react-native/`)
  - React-Core (from `../node_modules/react-native/React`)
  - React-cxxreact (from `../node_modules/react-native/ReactCommon/cxxreact`)
  - React-DevSupport (from `../node_modules/react-native/React`)
  - React-jsi (from `../node_modules/react-native/ReactCommon/jsi`)
  - React-jsiexecutor (from `../node_modules/react-native/ReactCommon/jsiexecutor`)
  - React-jsinspector (from `../node_modules/react-native/ReactCommon/jsinspector`)
  - "react-native-blur (from `../node_modules/@react-native-community/blur`)"
  - react-native-camera (from `../node_modules/react-native-camera`)
  - react-native-haptic-feedback (from `../node_modules/react-native-haptic-feedback`)
  - react-native-image-picker (from `../node_modules/react-native-image-picker`)
  - react-native-randombytes (from `../node_modules/react-native-randombytes`)
  - "react-native-slider (from `../node_modules/@react-native-community/slider`)"
  - react-native-webview (from `../node_modules/react-native-webview`)
  - React-RCTActionSheet (from `../node_modules/react-native/Libraries/ActionSheetIOS`)
  - React-RCTAnimation (from `../node_modules/react-native/Libraries/NativeAnimation`)
  - React-RCTBlob (from `../node_modules/react-native/Libraries/Blob`)
  - React-RCTImage (from `../node_modules/react-native/Libraries/Image`)
  - React-RCTLinking (from `../node_modules/react-native/Libraries/LinkingIOS`)
  - React-RCTNetwork (from `../node_modules/react-native/Libraries/Network`)
  - React-RCTSettings (from `../node_modules/react-native/Libraries/Settings`)
  - React-RCTText (from `../node_modules/react-native/Libraries/Text`)
  - React-RCTVibration (from `../node_modules/react-native/Libraries/Vibration`)
  - React-RCTWebSocket (from `../node_modules/react-native/Libraries/WebSocket`)
  - "RNCAsyncStorage (from `../node_modules/@react-native-community/async-storage`)"
  - RNDeviceInfo (from `../node_modules/react-native-device-info`)
  - RNFS (from `../node_modules/react-native-fs`)
  - RNGestureHandler (from `../node_modules/react-native-gesture-handler`)
  - RNHandoff (from `../node_modules/react-native-handoff`)
  - RNRate (from `../node_modules/react-native-rate/ios`)
  - RNSecureKeyStore (from `../node_modules/react-native-secure-key-store/ios`)
  - RNShare (from `../node_modules/react-native-share`)
  - RNSVG (from `../node_modules/react-native-svg`)
  - RNVectorIcons (from `../node_modules/react-native-vector-icons`)
  - RNWatch (from `../node_modules/react-native-watch-connectivity`)
  - SentryReactNative (from `../node_modules/react-native-sentry`)
  - ToolTipMenu (from `../node_modules/react-native-tooltip`)
  - yoga (from `../node_modules/react-native/ReactCommon/yoga`)

SPEC REPOS:
  https://github.com/cocoapods/specs.git:
    - AppCenter
    - AppCenterReactNativeShared
    - boost-for-react-native
    - EFQRCode
    - lottie-ios
    - Sentry
    - swift_qrcodejs

EXTERNAL SOURCES:
  appcenter:
    :path: "../node_modules/appcenter"
  appcenter-analytics:
    :path: "../node_modules/appcenter-analytics"
  appcenter-crashes:
    :path: "../node_modules/appcenter-crashes"
  BVLinearGradient:
    :path: "../node_modules/react-native-linear-gradient"
  DoubleConversion:
    :podspec: "../node_modules/react-native/third-party-podspecs/DoubleConversion.podspec"
  Folly:
    :podspec: "../node_modules/react-native/third-party-podspecs/Folly.podspec"
  glog:
    :podspec: "../node_modules/react-native/third-party-podspecs/glog.podspec"
  lottie-react-native:
    :path: "../node_modules/lottie-react-native"
  RCTSystemSetting:
    :path: "../node_modules/react-native-system-setting"
  React:
    :path: "../node_modules/react-native/"
  React-Core:
    :path: "../node_modules/react-native/React"
  React-cxxreact:
    :path: "../node_modules/react-native/ReactCommon/cxxreact"
  React-DevSupport:
    :path: "../node_modules/react-native/React"
  React-jsi:
    :path: "../node_modules/react-native/ReactCommon/jsi"
  React-jsiexecutor:
    :path: "../node_modules/react-native/ReactCommon/jsiexecutor"
  React-jsinspector:
    :path: "../node_modules/react-native/ReactCommon/jsinspector"
  react-native-blur:
    :path: "../node_modules/@react-native-community/blur"
  react-native-camera:
    :path: "../node_modules/react-native-camera"
  react-native-haptic-feedback:
    :path: "../node_modules/react-native-haptic-feedback"
  react-native-image-picker:
    :path: "../node_modules/react-native-image-picker"
  react-native-randombytes:
    :path: "../node_modules/react-native-randombytes"
  react-native-slider:
    :path: "../node_modules/@react-native-community/slider"
  react-native-webview:
    :path: "../node_modules/react-native-webview"
  React-RCTActionSheet:
    :path: "../node_modules/react-native/Libraries/ActionSheetIOS"
  React-RCTAnimation:
    :path: "../node_modules/react-native/Libraries/NativeAnimation"
  React-RCTBlob:
    :path: "../node_modules/react-native/Libraries/Blob"
  React-RCTImage:
    :path: "../node_modules/react-native/Libraries/Image"
  React-RCTLinking:
    :path: "../node_modules/react-native/Libraries/LinkingIOS"
  React-RCTNetwork:
    :path: "../node_modules/react-native/Libraries/Network"
  React-RCTSettings:
    :path: "../node_modules/react-native/Libraries/Settings"
  React-RCTText:
    :path: "../node_modules/react-native/Libraries/Text"
  React-RCTVibration:
    :path: "../node_modules/react-native/Libraries/Vibration"
  React-RCTWebSocket:
    :path: "../node_modules/react-native/Libraries/WebSocket"
  RNCAsyncStorage:
    :path: "../node_modules/@react-native-community/async-storage"
  RNDeviceInfo:
    :path: "../node_modules/react-native-device-info"
  RNFS:
    :path: "../node_modules/react-native-fs"
  RNGestureHandler:
    :path: "../node_modules/react-native-gesture-handler"
  RNHandoff:
    :path: "../node_modules/react-native-handoff"
  RNRate:
    :path: "../node_modules/react-native-rate/ios"
  RNSecureKeyStore:
    :path: "../node_modules/react-native-secure-key-store/ios"
  RNShare:
    :path: "../node_modules/react-native-share"
  RNSVG:
    :path: "../node_modules/react-native-svg"
  RNVectorIcons:
    :path: "../node_modules/react-native-vector-icons"
  RNWatch:
    :path: "../node_modules/react-native-watch-connectivity"
  SentryReactNative:
    :path: "../node_modules/react-native-sentry"
  ToolTipMenu:
    :path: "../node_modules/react-native-tooltip"
  yoga:
    :path: "../node_modules/react-native/ReactCommon/yoga"

SPEC CHECKSUMS:
  AppCenter: 9784d2fc998c9bd0b8fbaf4fb9ed69526d12ce1a
  appcenter: e55cb133b100379be61158f511082196b8022424
  appcenter-analytics: 9db55feacae3ca037c310d31620760ae054d50c6
  appcenter-crashes: 47c9257ce4c9a7625face00f77908e69fa459394
  AppCenterReactNativeShared: 7ac481cba7f926848a7be76dca4dcb2692df3b06
  boost-for-react-native: 39c7adb57c4e60d6c5479dd8623128eb5b3f0f2c
  BVLinearGradient: 8cbc5155c978f2e43098818c91d206d07aae6d30
  DoubleConversion: 5805e889d232975c086db112ece9ed034df7a0b2
  EFQRCode: 07437cfbce3a1e497397a4f3d766c980d8972608
  Folly: 30e7936e1c45c08d884aa59369ed951a8e68cf51
  glog: 1f3da668190260b06b429bb211bfbee5cd790c28
  lottie-ios: c38c3178ae8c4a8f200661aa5f80b9f1ca7f56b3
  lottie-react-native: d8caf2aa9ab8bb76312e44997c1c91804a23d44d
  RCTSystemSetting: 9279ff44c49bb4fb0a5d335a0851852c8f3eda99
  React: 53c53c4d99097af47cf60594b8706b4e3321e722
  React-Core: ba421f6b4f4cbe2fb17c0b6fc675f87622e78a64
  React-cxxreact: 8384287780c4999351ad9b6e7a149d9ed10a2395
  React-DevSupport: 197fb409737cff2c4f9986e77c220d7452cb9f9f
  React-jsi: 4d8c9efb6312a9725b18d6fc818ffc103f60fec2
  React-jsiexecutor: 90ad2f9db09513fc763bc757fdc3c4ff8bde2a30
  React-jsinspector: e08662d1bf5b129a3d556eb9ea343a3f40353ae4
  react-native-blur: cad4d93b364f91e7b7931b3fa935455487e5c33c
  react-native-camera: 203091b4bf99d48b788a0682ad573e8718724893
  react-native-haptic-feedback: 22c9dc85fd8059f83bf9edd9212ac4bd4ae6074d
  react-native-image-picker: 3637d63fef7e32a230141ab4660d3ceb773c824f
  react-native-randombytes: 991545e6eaaf700b4ee384c291ef3d572e0b2ca8
  react-native-slider: 6d83f7b8076a84e965a43fbdcfcf9dac19cea42e
  react-native-webview: f72ac4078e115dfa741cc588acb1cca25566457d
  React-RCTActionSheet: b0f1ea83f4bf75fb966eae9bfc47b78c8d3efd90
  React-RCTAnimation: 359ba1b5690b1e87cc173558a78e82d35919333e
  React-RCTBlob: 5e2b55f76e9a1c7ae52b826923502ddc3238df24
  React-RCTImage: f5f1c50922164e89bdda67bcd0153952a5cfe719
  React-RCTLinking: d0ecbd791e9ddddc41fa1f66b0255de90e8ee1e9
  React-RCTNetwork: e26946300b0ab7bb6c4a6348090e93fa21f33a9d
  React-RCTSettings: d0d37cb521b7470c998595a44f05847777cc3f42
  React-RCTText: b074d89033583d4f2eb5faf7ea2db3a13c7553a2
  React-RCTVibration: 2105b2e0e2b66a6408fc69a46c8a7fb5b2fdade0
  React-RCTWebSocket: cd932a16b7214898b6b7f788c8bddb3637246ac4
  RNCAsyncStorage: 2808c378f6a70f22f66eeb6c11a8d69f326dd795
  RNDeviceInfo: a88be26a64ada7cbc2bc0ebbd1662d340304874e
  RNFS: c9bbde46b0d59619f8e7b735991c60e0f73d22c1
  RNGestureHandler: 5329a942fce3d41c68b84c2c2276ce06a696d8b0
  RNHandoff: d3b0754cca3a6bcd9b25f544f733f7f033ccf5fa
  RNRate: 29be49c24b314c4e8ec09d848c3965f61cb0be47
  RNSecureKeyStore: f1ad870e53806453039f650720d2845c678d89c8
  RNShare: 8b171d4b43c1d886917fdd303bf7a4b87167b05c
  RNSVG: 0eb087cfb5d7937be93c45b163b26352a647e681
  RNVectorIcons: 0bb4def82230be1333ddaeee9fcba45f0b288ed4
  RNWatch: c2d3bff3adf9ce06e10eb8c2d75c9043f5df0e35
  Sentry: 4e8a17b61ddd116f89536cc81d567fdee1ebca96
  SentryReactNative: 07237139c00366ea2e75ae3e5c566e7a71c27a90
  swift_qrcodejs: 4d024fc98b0778b804ec6a5c810880fd092aec9d
  ToolTipMenu: c158702a26154d892bc9e6eaa7d7382f0f1ee16e
  yoga: 312528f5bbbba37b4dcea5ef00e8b4033fdd9411

PODFILE CHECKSUM: 1a39cb1ff2ae237255b84fcbe9415cb089e659c7

COCOAPODS: 1.7.5
